
Microsoft Visual Studio Solution File, Format Version 12.00
# Visual Studio Version 17
VisualStudioVersion = 17.6.33829.357
MinimumVisualStudioVersion = 10.0.40219.1
Project("{8BC9CEB8-8B4A-11D0-8D11-00A0C91BC942}") = "Reactor-Count-Mod", "Reactor-Count-Mod.vcxproj", "{5745FE58-B03C-4104-8E0F-F33DDD17EA99}"
EndProject
Project("{8BC9CEB8-8B4A-11D0-8D11-00A0C91BC942}") = "Base-Dll-Proxy", "..\Base-Dll-Proxy\Base-Dll-Proxy.vcxproj", "{5A1E571D-6AEA-451D-8F65-4C0CA06654B8}"
EndProject
Global
	GlobalSection(SolutionConfigurationPlatforms) = preSolution
		Debug|x64 = Debug|x64
		Debug|x86 = Debug|x86
		MinSizeRel|x64 = MinSizeRel|x64
		MinSizeRel|x86 = MinSizeRel|x86
		Release|x64 = Release|x64
		Release|x86 = Release|x86
		RelWithDebInfo|x64 = RelWithDebInfo|x64
		RelWithDebInfo|x86 = RelWithDebInfo|x86
	EndGlobalSection
	GlobalSection(ProjectConfigurationPlatforms) = postSolution
		{5745FE58-B03C-4104-8E0F-F33DDD17EA99}.Debug|x64.ActiveCfg = Debug|x64
		{5745FE58-B03C-4104-8E0F-F33DDD17EA99}.Debug|x64.Build.0 = Debug|x64
		{5745FE58-B03C-4104-8E0F-F33DDD17EA99}.Debug|x86.ActiveCfg = Debug|Win32
		{5745FE58-B03C-4104-8E0F-F33DDD17EA99}.Debug|x86.Build.0 = Debug|Win32
		{5745FE58-B03C-4104-8E0F-F33DDD17EA99}.MinSizeRel|x64.ActiveCfg = Release|x64
		{5745FE58-B03C-4104-8E0F-F33DDD17EA99}.MinSizeRel|x64.Build.0 = Release|x64
		{5745FE58-B03C-4104-8E0F-F33DDD17EA99}.MinSizeRel|x86.ActiveCfg = Release|Win32
		{5745FE58-B03C-4104-8E0F-F33DDD17EA99}.MinSizeRel|x86.Build.0 = Release|Win32
		{5745FE58-B03C-4104-8E0F-F33DDD17EA99}.Release|x64.ActiveCfg = Release|x64
		{5745FE58-B03C-4104-8E0F-F33DDD17EA99}.Release|x64.Build.0 = Release|x64
		{5745FE58-B03C-4104-8E0F-F33DDD17EA99}.Release|x86.ActiveCfg = Release|Win32
		{5745FE58-B03C-4104-8E0F-F33DDD17EA99}.Release|x86.Build.0 = Release|Win32
		{5745FE58-B03C-4104-8E0F-F33DDD17EA99}.RelWithDebInfo|x64.ActiveCfg = Release|x64
		{5745FE58-B03C-4104-8E0F-F33DDD17EA99}.RelWithDebInfo|x64.Build.0 = Release|x64
		{5745FE58-B03C-4104-8E0F-F33DDD17EA99}.RelWithDebInfo|x86.ActiveCfg = Release|Win32
		{5745FE58-B03C-4104-8E0F-F33DDD17EA99}.RelWithDebInfo|x86.Build.0 = Release|Win32
		{5A1E571D-6AEA-451D-8F65-4C0CA06654B8}.Debug|x64.ActiveCfg = Debug|x64
		{5A1E571D-6AEA-451D-8F65-4C0CA06654B8}.Debug|x64.Build.0 = Debug|x64
		{5A1E571D-6AEA-451D-8F65-4C0CA06654B8}.Debug|x86.ActiveCfg = Debug|Win32
		{5A1E571D-6AEA-451D-8F65-4C0CA06654B8}.Debug|x86.Build.0 = Debug|Win32
		{5A1E571D-6AEA-451D-8F65-4C0CA06654B8}.MinSizeRel|x64.ActiveCfg = Release|x64
		{5A1E571D-6AEA-451D-8F65-4C0CA06654B8}.MinSizeRel|x64.Build.0 = Release|x64
		{5A1E571D-6AEA-451D-8F65-4C0CA06654B8}.MinSizeRel|x86.ActiveCfg = Release|Win32
		{5A1E571D-6AEA-451D-8F65-4C0CA06654B8}.MinSizeRel|x86.Build.0 = Release|Win32
		{5A1E571D-6AEA-451D-8F65-4C0CA06654B8}.Release|x64.ActiveCfg = Release|x64
		{5A1E571D-6AEA-451D-8F65-4C0CA06654B8}.Release|x64.Build.0 = Release|x64
		{5A1E571D-6AEA-451D-8F65-4C0CA06654B8}.Release|x86.ActiveCfg = Release|Win32
		{5A1E571D-6AEA-451D-8F65-4C0CA06654B8}.Release|x86.Build.0 = Release|Win32
		{5A1E571D-6AEA-451D-8F65-4C0CA06654B8}.RelWithDebInfo|x64.ActiveCfg = Release|x64
		{5A1E571D-6AEA-451D-8F65-4C0CA06654B8}.RelWithDebInfo|x64.Build.0 = Release|x64
		{5A1E571D-6AEA-451D-8F65-4C0CA06654B8}.RelWithDebInfo|x86.ActiveCfg = Release|Win32
		{5A1E571D-6AEA-451D-8F65-4C0CA06654B8}.RelWithDebInfo|x86.Build.0 = Release|Win32
	EndGlobalSection
	GlobalSection(SolutionProperties) = preSolution
		HideSolutionNode = FALSE
	EndGlobalSection
	GlobalSection(ExtensibilityGlobals) = postSolution
		SolutionGuid = {D342D145-C8B5-47F6-A8F3-38257748B9C3}
	EndGlobalSection
EndGlobal
